Microsoft Visual Studio Solution File, Format Version 11.00
# Visual Studio 2008

Project("{14FA79DE-4A24-FBC9-739B-EFAE8803887C}") = "SimpleECS", "Assembly-CSharp.csproj", "{29D41768-4CB5-BEFA-5EA8-201018656D09}"
EndProject
Project("{14FA79DE-4A24-FBC9-739B-EFAE8803887C}") = "SimpleECS", "Assembly-CSharp-Editor.csproj", "{F334164A-2854-8A81-06DA-1877AFD2CD56}"
EndProject
Global
	GlobalSection(SolutionConfigurationPlatforms) = preSolution
		Debug|Any CPU = Debug|Any CPU
		Release|Any CPU = Release|Any CPU
	EndGlobalSection
	GlobalSection(ProjectConfigurationPlatforms) = postSolution
		{29D41768-4CB5-BEFA-5EA8-201018656D09}.Debug|Any CPU.ActiveCfg = Debug|Any CPU
		{29D41768-4CB5-BEFA-5EA8-201018656D09}.Debug|Any CPU.Build.0 = Debug|Any CPU
		{29D41768-4CB5-BEFA-5EA8-201018656D09}.Release|Any CPU.ActiveCfg = Release|Any CPU
		{29D41768-4CB5-BEFA-5EA8-201018656D09}.Release|Any CPU.Build.0 = Release|Any CPU
		{F334164A-2854-8A81-06DA-1877AFD2CD56}.Debug|Any CPU.ActiveCfg = Debug|Any CPU
		{F334164A-2854-8A81-06DA-1877AFD2CD56}.Debug|Any CPU.Build.0 = Debug|Any CPU
		{F334164A-2854-8A81-06DA-1877AFD2CD56}.Release|Any CPU.ActiveCfg = Release|Any CPU
		{F334164A-2854-8A81-06DA-1877AFD2CD56}.Release|Any CPU.Build.0 = Release|Any CPU
	EndGlobalSection
	GlobalSection(SolutionProperties) = preSolution
		HideSolutionNode = FALSE
	EndGlobalSection
	GlobalSection(MonoDevelopProperties) = preSolution
		StartupItem = Assembly-CSharp.csproj
	EndGlobalSection
EndGlobal
